
Microsoft Visual Studio Solution File, Format Version 11.00
# Visual Studio 2010
Project("{FAE04EC0-301F-11D3-BF4B-00C04F79EFBC}") = "QuanDepTrai", "QuanDepTrai\QuanDepTrai.csproj", "{D88586BF-5AA4-4B0D-9D06-CC0209783FE3}"
EndProject
Global
	GlobalSection(SolutionConfigurationPlatforms) = preSolution
		Debug|Any CPU = Debug|Any CPU
		Release|Any CPU = Release|Any CPU
	EndGlobalSection
	GlobalSection(ProjectConfigurationPlatforms) = postSolution
		{D88586BF-5AA4-4B0D-9D06-CC0209783FE3}.Debug|Any CPU.ActiveCfg = Debug|Any CPU
		{D88586BF-5AA4-4B0D-9D06-CC0209783FE3}.Debug|Any CPU.Build.0 = Debug|Any CPU
		{D88586BF-5AA4-4B0D-9D06-CC0209783FE3}.Release|Any CPU.ActiveCfg = Release|Any CPU
		{D88586BF-5AA4-4B0D-9D06-CC0209783FE3}.Release|Any CPU.Build.0 = Release|Any CPU
	EndGlobalSection
	GlobalSection(SolutionProperties) = preSolution
		HideSolutionNode = FALSE
	EndGlobalSection
EndGlobal
